// !$*UTF8*$!
{
	archiveVersion = 1;
	classes = {
	};
	objectVersion = 46;
	objects = {

/* Begin PBXBuildFile section */
		D8B63D831A6B653F0099BCDB /* AppDelegate.swift in Sources */ = {isa = PBXBuildFile; fileRef = D8B63D821A6B653F0099BCDB /* AppDelegate.swift */; };
		D8B63D861A6B653F0099BCDB /* TipCalculator.xcdatamodeld in Sources */ = {isa = PBXBuildFile; fileRef = D8B63D841A6B653F0099BCDB /* TipCalculator.xcdatamodeld */; };
		D8B63D881A6B653F0099BCDB /* ViewController.swift in Sources */ = {isa = PBXBuildFile; fileRef = D8B63D871A6B653F0099BCDB /* ViewController.swift */; };
		D8B63D8B1A6B653F0099BCDB /* Main.storyboard in Resources */ = {isa = PBXBuildFile; fileRef = D8B63D891A6B653F0099BCDB /* Main.storyboard */; };
		D8B63D8D1A6B653F0099BCDB /* Images.xcassets in Resources */ = {isa = PBXBuildFile; fileRef = D8B63D8C1A6B653F0099BCDB /* Images.xcassets */; };
		D8B63D901A6B653F0099BCDB /* LaunchScreen.xib in Resources */ = {isa = PBXBuildFile; fileRef = D8B63D8E1A6B653F0099BCDB /* LaunchScreen.xib */; };
		D8B63D9C1A6B653F0099BCDB /* TipCalculatorTests.swift in Sources */ = {isa = PBXBuildFile; fileRef = D8B63D9B1A6B653F0099BCDB /* TipCalculatorTests.swift */; };
/* End PBXBuildFile section */

/* Begin PBXContainerItemProxy section */
		D8B63D961A6B653F0099BCDB /* PBXContainerItemProxy */ = {
			isa = PBXContainerItemProxy;
			containerPortal = D8B63D751A6B653F0099BCDB /* Project object */;
			proxyType = 1;
			remoteGlobalIDString = D8B63D7C1A6B653F0099BCDB;
			remoteInfo = TipCalculator;
		};
/* End PBXContainerItemProxy section */

/* Begin PBXFileReference section */
		D8B63D7D1A6B653F0099BCDB /* TipCalculator.app */ = {isa = PBXFileReference; explicitFileType = wrapper.application; includeInIndex = 0; path = TipCalculator.app; sourceTree = BUILT_PRODUCTS_DIR; };
		D8B63D811A6B653F0099BCDB /* Info.plist */ = {isa = PBXFileReference; lastKnownFileType = text.plist.xml; path = Info.plist; sourceTree = "<group>"; };
		D8B63D821A6B653F0099BCDB /* AppDelegate.swift */ = {isa = PBXFileReference; lastKnownFileType = sourcecode.swift; path = AppDelegate.swift; sourceTree = "<group>"; };
		D8B63D851A6B653F0099BCDB /* TipCalculator.xcdatamodel */ = {isa = PBXFileReference; lastKnownFileType = wrapper.xcdatamodel; path = TipCalculator.xcdatamodel; sourceTree = "<group>"; };
		D8B63D871A6B653F0099BCDB /* ViewController.swift */ = {isa = PBXFileReference; lastKnownFileType = sourcecode.swift; path = ViewController.swift; sourceTree = "<group>"; };
		D8B63D8A1A6B653F0099BCDB /* Base */ = {isa = PBXFileReference; lastKnownFileType = file.storyboard; name = Base; path = Base.lproj/Main.storyboard; sourceTree = "<group>"; };
		D8B63D8C1A6B653F0099BCDB /* Images.xcassets */ = {isa = PBXFileReference; lastKnownFileType = folder.assetcatalog; path = Images.xcassets; sourceTree = "<group>"; };
		D8B63D8F1A6B653F0099BCDB /* Base */ = {isa = PBXFileReference; lastKnownFileType = file.xib; name = Base; path = Base.lproj/LaunchScreen.xib; sourceTree = "<group>"; };
		D8B63D951A6B653F0099BCDB /* TipCalculatorTests.xctest */ = {isa = PBXFileReference; explicitFileType = wrapper.cfbundle; includeInIndex = 0; path = TipCalculatorTests.xctest; sourceTree = BUILT_PRODUCTS_DIR; };
		D8B63D9A1A6B653F0099BCDB /* Info.plist */ = {isa = PBXFileReference; lastKnownFileType = text.plist.xml; path = Info.plist; sourceTree = "<group>"; };
		D8B63D9B1A6B653F0099BCDB /* TipCalculatorTests.swift */ = {isa = PBXFileReference; lastKnownFileType = sourcecode.swift; path = TipCalculatorTests.swift; sourceTree = "<group>"; };
/* End PBXFileReference section */

/* Begin PBXFrameworksBuildPhase section */
		D8B63D7A1A6B653F0099BCDB /* Frameworks */ = {
			isa = PBXFrameworksBuildPhase;
			buildActionMask = 2147483647;
			files = (
			);
			runOnlyForDeploymentPostprocessing = 0;
		};
		D8B63D921A6B653F0099BCDB /* Frameworks */ = {
			isa = PBXFrameworksBuildPhase;
			buildActionMask = 2147483647;
			files = (
			);
			runOnlyForDeploymentPostprocessing = 0;
		};
/* End PBXFrameworksBuildPhase section */

/* Begin PBXGroup section */
		D8B63D741A6B653F0099BCDB = {
			isa = PBXGroup;
			children = (
				D8B63D7F1A6B653F0099BCDB /* TipCalculator */,
				D8B63D981A6B653F0099BCDB /* TipCalculatorTests */,
				D8B63D7E1A6B653F0099BCDB /* Products */,
			);
			sourceTree = "<group>";
		};
		D8B63D7E1A6B653F0099BCDB /* Products */ = {
			isa = PBXGroup;
			children = (
				D8B63D7D1A6B653F0099BCDB /* TipCalculator.app */,
				D8B63D951A6B653F0099BCDB /* TipCalculatorTests.xctest */,
			);
			name = Products;
			sourceTree = "<group>";
		};
		D8B63D7F1A6B653F0099BCDB /* TipCalculator */ = {
			isa = PBXGroup;
			children = (
				D8B63D821A6B653F0099BCDB /* AppDelegate.swift */,
				D8B63D871A6B653F0099BCDB /* ViewController.swift */,
				D8B63D891A6B653F0099BCDB /* Main.storyboard */,
				D8B63D8C1A6B653F0099BCDB /* Images.xcassets */,
				D8B63D8E1A6B653F0099BCDB /* LaunchScreen.xib */,
				D8B63D841A6B653F0099BCDB /* TipCalculator.xcdatamodeld */,
				D8B63D801A6B653F0099BCDB /* Supporting Files */,
			);
			path = TipCalculator;
			sourceTree = "<group>";
		};
		D8B63D801A6B653F0099BCDB /* Supporting Files */ = {
			isa = PBXGroup;
			children = (
				D8B63D811A6B653F0099BCDB /* Info.plist */,
			);
			name = "Supporting Files";
			sourceTree = "<group>";
		};
		D8B63D981A6B653F0099BCDB /* TipCalculatorTests */ = {
			isa = PBXGroup;
			children = (
				D8B63D9B1A6B653F0099BCDB /* TipCalculatorTests.swift */,
				D8B63D991A6B653F0099BCDB /* Supporting Files */,
			);
			path = TipCalculatorTests;
			sourceTree = "<group>";
		};
		D8B63D991A6B653F0099BCDB /* Supporting Files */ = {
			isa = PBXGroup;
			children = (
				D8B63D9A1A6B653F0099BCDB /* Info.plist */,
			);
			name = "Supporting Files";
			sourceTree = "<group>";
		};
/* End PBXGroup section */

/* Begin PBXNativeTarget section */
		D8B63D7C1A6B653F0099BCDB /* TipCalculator */ = {
			isa = PBXNativeTarget;
			buildConfigurationList = D8B63D9F1A6B653F0099BCDB /* Build configuration list for PBXNativeTarget "TipCalculator" */;
			buildPhases = (
				D8B63D791A6B653F0099BCDB /* Sources */,
				D8B63D7A1A6B653F0099BCDB /* Frameworks */,
				D8B63D7B1A6B653F0099BCDB /* Resources */,
			);
			buildRules = (
			);
			dependencies = (
			);
			name = TipCalculator;
			productName = TipCalculator;
			productReference = D8B63D7D1A6B653F0099BCDB /* TipCalculator.app */;
			productType = "com.apple.product-type.application";
		};
		D8B63D941A6B653F0099BCDB /* TipCalculatorTests */ = {
			isa = PBXNativeTarget;
			buildConfigurationList = D8B63DA21A6B653F0099BCDB /* Build configuration list for PBXNativeTarget "TipCalculatorTests" */;
			buildPhases = (
				D8B63D911A6B653F0099BCDB /* Sources */,
				D8B63D921A6B653F0099BCDB /* Frameworks */,
				D8B63D931A6B653F0099BCDB /* Resources */,
			);
			buildRules = (
			);
			dependencies = (
				D8B63D971A6B653F0099BCDB /* PBXTargetDependency */,
			);
			name = TipCalculatorTests;
			productName = TipCalculatorTests;
			productReference = D8B63D951A6B653F0099BCDB /* TipCalculatorTests.xctest */;
			productType = "com.apple.product-type.bundle.unit-test";
		};
/* End PBXNativeTarget section */

/* Begin PBXProject section */
		D8B63D751A6B653F0099BCDB /* Project object */ = {
			isa = PBXProject;
			attributes = {
				LastUpgradeCheck = 0600;
				ORGANIZATIONNAME = nigmia;
				TargetAttributes = {
					D8B63D7C1A6B653F0099BCDB = {
						CreatedOnToolsVersion = 6.0;
					};
					D8B63D941A6B653F0099BCDB = {
						CreatedOnToolsVersion = 6.0;
						TestTargetID = D8B63D7C1A6B653F0099BCDB;
					};
				};
			};
			buildConfigurationList = D8B63D781A6B653F0099BCDB /* Build configuration list for PBXProject "TipCalculator" */;
			compatibilityVersion = "Xcode 3.2";
			developmentRegion = English;
			hasScannedForEncodings = 0;
			knownRegions = (
				en,
				Base,
			);
			mainGroup = D8B63D741A6B653F0099BCDB;
			productRefGroup = D8B63D7E1A6B653F0099BCDB /* Products */;
			projectDirPath = "";
			projectRoot = "";
			targets = (
				D8B63D7C1A6B653F0099BCDB /* TipCalculator */,
				D8B63D941A6B653F0099BCDB /* TipCalculatorTests */,
			);
		};
/* End PBXProject section */

/* Begin PBXResourcesBuildPhase section */
		D8B63D7B1A6B653F0099BCDB /* Resources */ = {
			isa = PBXResourcesBuildPhase;
			buildActionMask = 2147483647;
			files = (
				D8B63D8B1A6B653F0099BCDB /* Main.storyboard in Resources */,
				D8B63D901A6B653F0099BCDB /* LaunchScreen.xib in Resources */,
				D8B63D8D1A6B653F0099BCDB /* Images.xcassets in Resources */,
			);
			runOnlyForDeploymentPostprocessing = 0;
		};
		D8B63D931A6B653F0099BCDB /* Resources */ = {
			isa = PBXResourcesBuildPhase;
			buildActionMask = 2147483647;
			files = (
			);
			runOnlyForDeploymentPostprocessing = 0;
		};
/* End PBXResourcesBuildPhase section */

/* Begin PBXSourcesBuildPhase section */
		D8B63D791A6B653F0099BCDB /* Sources */ = {
			isa = PBXSourcesBuildPhase;
			buildActionMask = 2147483647;
			files = (
				D8B63D881A6B653F0099BCDB /* ViewController.swift in Sources */,
				D8B63D831A6B653F0099BCDB /* AppDelegate.swift in Sources */,
				D8B63D861A6B653F0099BCDB /* TipCalculator.xcdatamodeld in Sources */,
			);
			runOnlyForDeploymentPostprocessing = 0;
		};
		D8B63D911A6B653F0099BCDB /* Sources */ = {
			isa = PBXSourcesBuildPhase;
			buildActionMask = 2147483647;
			files = (
				D8B63D9C1A6B653F0099BCDB /* TipCalculatorTests.swift in Sources */,
			);
			runOnlyForDeploymentPostprocessing = 0;
		};
/* End PBXSourcesBuildPhase section */

/* Begin PBXTargetDependency section */
		D8B63D971A6B653F0099BCDB /* PBXTargetDependency */ = {
			isa = PBXTargetDependency;
			target = D8B63D7C1A6B653F0099BCDB /* TipCalculator */;
			targetProxy = D8B63D961A6B653F0099BCDB /* PBXContainerItemProxy */;
		};
/* End PBXTargetDependency section */

/* Begin PBXVariantGroup section */
		D8B63D891A6B653F0099BCDB /* Main.storyboard */ = {
			isa = PBXVariantGroup;
			children = (
				D8B63D8A1A6B653F0099BCDB /* Base */,
			);
			name = Main.storyboard;
			sourceTree = "<group>";
		};
		D8B63D8E1A6B653F0099BCDB /* LaunchScreen.xib */ = {
			isa = PBXVariantGroup;
			children = (
				D8B63D8F1A6B653F0099BCDB /* Base */,
			);
			name = LaunchScreen.xib;
			sourceTree = "<group>";
		};
/* End PBXVariantGroup section */

/* Begin XCBuildConfiguration section */
		D8B63D9D1A6B653F0099BCDB /* Debug */ = {
			isa = XCBuildConfiguration;
			buildSettings = {
				ALWAYS_SEARCH_USER_PATHS = NO;
				CLANG_CXX_LANGUAGE_STANDARD = "gnu++0x";
				CLANG_CXX_LIBRARY = "libc++";
				CLANG_ENABLE_MODULES = YES;
				CLANG_ENABLE_OBJC_ARC = YES;
				CLANG_WARN_BOOL_CONVERSION = YES;
				CLANG_WARN_CONSTANT_CONVERSION = YES;
				CLANG_WARN_DIRECT_OBJC_ISA_USAGE = YES_ERROR;
				CLANG_WARN_EMPTY_BODY = YES;
				CLANG_WARN_ENUM_CONVERSION = YES;
				CLANG_WARN_INT_CONVERSION = YES;
				CLANG_WARN_OBJC_ROOT_CLASS = YES_ERROR;
				CLANG_WARN_UNREACHABLE_CODE = YES;
				CLANG_WARN__DUPLICATE_METHOD_MATCH = YES;
				"CODE_SIGN_IDENTITY[sdk=iphoneos*]" = "iPhone Developer";
				COPY_PHASE_STRIP = NO;
				ENABLE_STRICT_OBJC_MSGSEND = YES;
				GCC_C_LANGUAGE_STANDARD = gnu99;
				GCC_DYNAMIC_NO_PIC = NO;
				GCC_OPTIMIZATION_LEVEL = 0;
				GCC_PREPROCESSOR_DEFINITIONS = (
					"DEBUG=1",
					"$(inherited)",
				);
				GCC_SYMBOLS_PRIVATE_EXTERN = NO;
				GCC_WARN_64_TO_32_BIT_CONVERSION = YES;
				GCC_WARN_ABOUT_RETURN_TYPE = YES_ERROR;
				GCC_WARN_UNDECLARED_SELECTOR = YES;
				GCC_WARN_UNINITIALIZED_AUTOS = YES_AGGRESSIVE;
				GCC_WARN_UNUSED_FUNCTION = YES;
				GCC_WARN_UNUSED_VARIABLE = YES;
				IPHONEOS_DEPLOYMENT_TARGET = 8.0;
				MTL_ENABLE_DEBUG_INFO = YES;
				ONLY_ACTIVE_ARCH = YES;
				SDKROOT = iphoneos;
				SWIFT_OPTIMIZATION_LEVEL = "-Onone";
			};
			name = Debug;
		};
		D8B63D9E1A6B653F0099BCDB /* Release */ = {
			isa = XCBuildConfiguration;
			buildSettings = {
				ALWAYS_SEARCH_USER_PATHS = NO;
				CLANG_CXX_LANGUAGE_STANDARD = "gnu++0x";
				CLANG_CXX_LIBRARY = "libc++";
				CLANG_ENABLE_MODULES = YES;
				CLANG_ENABLE_OBJC_ARC = YES;
				CLANG_WARN_BOOL_CONVERSION = YES;
				CLANG_WARN_CONSTANT_CONVERSION = YES;
				CLANG_WARN_DIRECT_OBJC_ISA_USAGE = YES_ERROR;
				CLANG_WARN_EMPTY_BODY = YES;
				CLANG_WARN_ENUM_CONVERSION = YES;
				CLANG_WARN_INT_CONVERSION = YES;
				CLANG_WARN_OBJC_ROOT_CLASS = YES_ERROR;
				CLANG_WARN_UNREACHABLE_CODE = YES;
				CLANG_WARN__DUPLICATE_METHOD_MATCH = YES;
				"CODE_SIGN_IDENTITY[sdk=iphoneos*]" = "iPhone Developer";
				COPY_PHASE_STRIP = YES;
				ENABLE_NS_ASSERTIONS = NO;
				ENABLE_STRICT_OBJC_MSGSEND = YES;
				GCC_C_LANGUAGE_STANDARD = gnu99;
				GCC_WARN_64_TO_32_BIT_CONVERSION = YES;
				GCC_WARN_ABOUT_RETURN_TYPE = YES_ERROR;
				GCC_WARN_UNDECLARED_SELECTOR = YES;
				GCC_WARN_UNINITIALIZED_AUTOS = YES_AGGRESSIVE;
				GCC_WARN_UNUSED_FUNCTION = YES;
				GCC_WARN_UNUSED_VARIABLE = YES;
				IPHONEOS_DEPLOYMENT_TARGET = 8.0;
				MTL_ENABLE_DEBUG_INFO = NO;
				SDKROOT = iphoneos;
				VALIDATE_PRODUCT = YES;
			};
			name = Release;
		};
		D8B63DA01A6B653F0099BCDB /* Debug */ = {
			isa = XCBuildConfiguration;
			buildSettings = {
				ASSETCATALOG_COMPILER_APPICON_NAME = AppIcon;
				INFOPLIST_FILE = TipCalculator/Info.plist;
				LD_RUNPATH_SEARCH_PATHS = "$(inherited) @executable_path/Frameworks";
				PRODUCT_NAME = "$(TARGET_NAME)";
			};
			name = Debug;
		};
		D8B63DA11A6B653F0099BCDB /* Release */ = {
			isa = XCBuildConfiguration;
			buildSettings = {
				ASSETCATALOG_COMPILER_APPICON_NAME = AppIcon;
				INFOPLIST_FILE = TipCalculator/Info.plist;
				LD_RUNPATH_SEARCH_PATHS = "$(inherited) @executable_path/Frameworks";
				PRODUCT_NAME = "$(TARGET_NAME)";
			};
			name = Release;
		};
		D8B63DA31A6B653F0099BCDB /* Debug */ = {
			isa = XCBuildConfiguration;
			buildSettings = {
				BUNDLE_LOADER = "$(TEST_HOST)";
				FRAMEWORK_SEARCH_PATHS = (
					"$(SDKROOT)/Developer/Library/Frameworks",
					"$(inherited)",
				);
				GCC_PREPROCESSOR_DEFINITIONS = (
					"DEBUG=1",
					"$(inherited)",
				);
				INFOPLIST_FILE = TipCalculatorTests/Info.plist;
				LD_RUNPATH_SEARCH_PATHS = "$(inherited) @executable_path/Frameworks @loader_path/Frameworks";
				PRODUCT_NAME = "$(TARGET_NAME)";
				TEST_HOST = "$(BUILT_PRODUCTS_DIR)/TipCalculator.app/TipCalculator";
			};
			name = Debug;
		};
		D8B63DA41A6B653F0099BCDB /* Release */ = {
			isa = XCBuildConfiguration;
			buildSettings = {
				BUNDLE_LOADER = "$(TEST_HOST)";
				FRAMEWORK_SEARCH_PATHS = (
					"$(SDKROOT)/Developer/Library/Frameworks",
					"$(inherited)",
				);
				INFOPLIST_FILE = TipCalculatorTests/Info.plist;
				LD_RUNPATH_SEARCH_PATHS = "$(inherited) @executable_path/Frameworks @loader_path/Frameworks";
				PRODUCT_NAME = "$(TARGET_NAME)";
				TEST_HOST = "$(BUILT_PRODUCTS_DIR)/TipCalculator.app/TipCalculator";
			};
			name = Release;
		};
/* End XCBuildConfiguration section */

/* Begin XCConfigurationList section */
		D8B63D781A6B653F0099BCDB /* Build configuration list for PBXProject "TipCalculator" */ = {
			isa = XCConfigurationList;
			buildConfigurations = (
				D8B63D9D1A6B653F0099BCDB /* Debug */,
				D8B63D9E1A6B653F0099BCDB /* Release */,
			);
			defaultConfigurationIsVisible = 0;
			defaultConfigurationName = Release;
		};
		D8B63D9F1A6B653F0099BCDB /* Build configuration list for PBXNativeTarget "TipCalculator" */ = {
			isa = XCConfigurationList;
			buildConfigurations = (
				D8B63DA01A6B653F0099BCDB /* Debug */,
				D8B63DA11A6B653F0099BCDB /* Release */,
			);
			defaultConfigurationIsVisible = 0;
		};
		D8B63DA21A6B653F0099BCDB /* Build configuration list for PBXNativeTarget "TipCalculatorTests" */ = {
			isa = XCConfigurationList;
			buildConfigurations = (
				D8B63DA31A6B653F0099BCDB /* Debug */,
				D8B63DA41A6B653F0099BCDB /* Release */,
			);
			defaultConfigurationIsVisible = 0;
		};
/* End XCConfigurationList section */

/* Begin XCVersionGroup section */
		D8B63D841A6B653F0099BCDB /* TipCalculator.xcdatamodeld */ = {
			isa = XCVersionGroup;
			children = (
				D8B63D851A6B653F0099BCDB /* TipCalculator.xcdatamodel */,
			);
			currentVersion = D8B63D851A6B653F0099BCDB /* TipCalculator.xcdatamodel */;
			path = TipCalculator.xcdatamodeld;
			sourceTree = "<group>";
			versionGroupType = wrapper.xcdatamodel;
		};
/* End XCVersionGroup section */
	};
	rootObject = D8B63D751A6B653F0099BCDB /* Project object */;
}
