// !$*UTF8*$!
{
	archiveVersion = 1;
	classes = {
	};
	objectVersion = 46;
	objects = {

/* Begin PBXBuildFile section */
		D8F1A1B51A8876F300913162 /* AppDelegate.swift in Sources */ = {isa = PBXBuildFile; fileRef = D8F1A1B41A8876F300913162 /* AppDelegate.swift */; };
		D8F1A1B71A8876F300913162 /* ViewController.swift in Sources */ = {isa = PBXBuildFile; fileRef = D8F1A1B61A8876F300913162 /* ViewController.swift */; };
		D8F1A1BA1A8876F300913162 /* Main.storyboard in Resources */ = {isa = PBXBuildFile; fileRef = D8F1A1B81A8876F300913162 /* Main.storyboard */; };
		D8F1A1BC1A8876F300913162 /* Images.xcassets in Resources */ = {isa = PBXBuildFile; fileRef = D8F1A1BB1A8876F300913162 /* Images.xcassets */; };
		D8F1A1BF1A8876F300913162 /* LaunchScreen.xib in Resources */ = {isa = PBXBuildFile; fileRef = D8F1A1BD1A8876F300913162 /* LaunchScreen.xib */; };
		D8F1A1CB1A8876F300913162 /* RaceCarTests.swift in Sources */ = {isa = PBXBuildFile; fileRef = D8F1A1CA1A8876F300913162 /* RaceCarTests.swift */; };
		D8F1A1D51A8878C900913162 /* RaceCar.swift in Sources */ = {isa = PBXBuildFile; fileRef = D8F1A1D41A8878C900913162 /* RaceCar.swift */; };
/* End PBXBuildFile section */

/* Begin PBXContainerItemProxy section */
		D8F1A1C51A8876F300913162 /* PBXContainerItemProxy */ = {
			isa = PBXContainerItemProxy;
			containerPortal = D8F1A1A71A8876F300913162 /* Project object */;
			proxyType = 1;
			remoteGlobalIDString = D8F1A1AE1A8876F300913162;
			remoteInfo = RaceCar;
		};
/* End PBXContainerItemProxy section */

/* Begin PBXFileReference section */
		D8F1A1AF1A8876F300913162 /* RaceCar.app */ = {isa = PBXFileReference; explicitFileType = wrapper.application; includeInIndex = 0; path = RaceCar.app; sourceTree = BUILT_PRODUCTS_DIR; };
		D8F1A1B31A8876F300913162 /* Info.plist */ = {isa = PBXFileReference; lastKnownFileType = text.plist.xml; path = Info.plist; sourceTree = "<group>"; };
		D8F1A1B41A8876F300913162 /* AppDelegate.swift */ = {isa = PBXFileReference; lastKnownFileType = sourcecode.swift; path = AppDelegate.swift; sourceTree = "<group>"; };
		D8F1A1B61A8876F300913162 /* ViewController.swift */ = {isa = PBXFileReference; lastKnownFileType = sourcecode.swift; path = ViewController.swift; sourceTree = "<group>"; };
		D8F1A1B91A8876F300913162 /* Base */ = {isa = PBXFileReference; lastKnownFileType = file.storyboard; name = Base; path = Base.lproj/Main.storyboard; sourceTree = "<group>"; };
		D8F1A1BB1A8876F300913162 /* Images.xcassets */ = {isa = PBXFileReference; lastKnownFileType = folder.assetcatalog; path = Images.xcassets; sourceTree = "<group>"; };
		D8F1A1BE1A8876F300913162 /* Base */ = {isa = PBXFileReference; lastKnownFileType = file.xib; name = Base; path = Base.lproj/LaunchScreen.xib; sourceTree = "<group>"; };
		D8F1A1C41A8876F300913162 /* RaceCarTests.xctest */ = {isa = PBXFileReference; explicitFileType = wrapper.cfbundle; includeInIndex = 0; path = RaceCarTests.xctest; sourceTree = BUILT_PRODUCTS_DIR; };
		D8F1A1C91A8876F300913162 /* Info.plist */ = {isa = PBXFileReference; lastKnownFileType = text.plist.xml; path = Info.plist; sourceTree = "<group>"; };
		D8F1A1CA1A8876F300913162 /* RaceCarTests.swift */ = {isa = PBXFileReference; lastKnownFileType = sourcecode.swift; path = RaceCarTests.swift; sourceTree = "<group>"; };
		D8F1A1D41A8878C900913162 /* RaceCar.swift */ = {isa = PBXFileReference; fileEncoding = 4; lastKnownFileType = sourcecode.swift; path = RaceCar.swift; sourceTree = "<group>"; };
/* End PBXFileReference section */

/* Begin PBXFrameworksBuildPhase section */
		D8F1A1AC1A8876F300913162 /* Frameworks */ = {
			isa = PBXFrameworksBuildPhase;
			buildActionMask = 2147483647;
			files = (
			);
			runOnlyForDeploymentPostprocessing = 0;
		};
		D8F1A1C11A8876F300913162 /* Frameworks */ = {
			isa = PBXFrameworksBuildPhase;
			buildActionMask = 2147483647;
			files = (
			);
			runOnlyForDeploymentPostprocessing = 0;
		};
/* End PBXFrameworksBuildPhase section */

/* Begin PBXGroup section */
		D8F1A1A61A8876F300913162 = {
			isa = PBXGroup;
			children = (
				D8F1A1B11A8876F300913162 /* RaceCar */,
				D8F1A1C71A8876F300913162 /* RaceCarTests */,
				D8F1A1B01A8876F300913162 /* Products */,
			);
			sourceTree = "<group>";
		};
		D8F1A1B01A8876F300913162 /* Products */ = {
			isa = PBXGroup;
			children = (
				D8F1A1AF1A8876F300913162 /* RaceCar.app */,
				D8F1A1C41A8876F300913162 /* RaceCarTests.xctest */,
			);
			name = Products;
			sourceTree = "<group>";
		};
		D8F1A1B11A8876F300913162 /* RaceCar */ = {
			isa = PBXGroup;
			children = (
				D8F1A1B41A8876F300913162 /* AppDelegate.swift */,
				D8F1A1B61A8876F300913162 /* ViewController.swift */,
				D8F1A1B81A8876F300913162 /* Main.storyboard */,
				D8F1A1D41A8878C900913162 /* RaceCar.swift */,
				D8F1A1BB1A8876F300913162 /* Images.xcassets */,
				D8F1A1BD1A8876F300913162 /* LaunchScreen.xib */,
				D8F1A1B21A8876F300913162 /* Supporting Files */,
			);
			path = RaceCar;
			sourceTree = "<group>";
		};
		D8F1A1B21A8876F300913162 /* Supporting Files */ = {
			isa = PBXGroup;
			children = (
				D8F1A1B31A8876F300913162 /* Info.plist */,
			);
			name = "Supporting Files";
			sourceTree = "<group>";
		};
		D8F1A1C71A8876F300913162 /* RaceCarTests */ = {
			isa = PBXGroup;
			children = (
				D8F1A1CA1A8876F300913162 /* RaceCarTests.swift */,
				D8F1A1C81A8876F300913162 /* Supporting Files */,
			);
			path = RaceCarTests;
			sourceTree = "<group>";
		};
		D8F1A1C81A8876F300913162 /* Supporting Files */ = {
			isa = PBXGroup;
			children = (
				D8F1A1C91A8876F300913162 /* Info.plist */,
			);
			name = "Supporting Files";
			sourceTree = "<group>";
		};
/* End PBXGroup section */

/* Begin PBXNativeTarget section */
		D8F1A1AE1A8876F300913162 /* RaceCar */ = {
			isa = PBXNativeTarget;
			buildConfigurationList = D8F1A1CE1A8876F300913162 /* Build configuration list for PBXNativeTarget "RaceCar" */;
			buildPhases = (
				D8F1A1AB1A8876F300913162 /* Sources */,
				D8F1A1AC1A8876F300913162 /* Frameworks */,
				D8F1A1AD1A8876F300913162 /* Resources */,
			);
			buildRules = (
			);
			dependencies = (
			);
			name = RaceCar;
			productName = RaceCar;
			productReference = D8F1A1AF1A8876F300913162 /* RaceCar.app */;
			productType = "com.apple.product-type.application";
		};
		D8F1A1C31A8876F300913162 /* RaceCarTests */ = {
			isa = PBXNativeTarget;
			buildConfigurationList = D8F1A1D11A8876F300913162 /* Build configuration list for PBXNativeTarget "RaceCarTests" */;
			buildPhases = (
				D8F1A1C01A8876F300913162 /* Sources */,
				D8F1A1C11A8876F300913162 /* Frameworks */,
				D8F1A1C21A8876F300913162 /* Resources */,
			);
			buildRules = (
			);
			dependencies = (
				D8F1A1C61A8876F300913162 /* PBXTargetDependency */,
			);
			name = RaceCarTests;
			productName = RaceCarTests;
			productReference = D8F1A1C41A8876F300913162 /* RaceCarTests.xctest */;
			productType = "com.apple.product-type.bundle.unit-test";
		};
/* End PBXNativeTarget section */

/* Begin PBXProject section */
		D8F1A1A71A8876F300913162 /* Project object */ = {
			isa = PBXProject;
			attributes = {
				LastUpgradeCheck = 0610;
				ORGANIZATIONNAME = nigmia;
				TargetAttributes = {
					D8F1A1AE1A8876F300913162 = {
						CreatedOnToolsVersion = 6.1.1;
					};
					D8F1A1C31A8876F300913162 = {
						CreatedOnToolsVersion = 6.1.1;
						TestTargetID = D8F1A1AE1A8876F300913162;
					};
				};
			};
			buildConfigurationList = D8F1A1AA1A8876F300913162 /* Build configuration list for PBXProject "RaceCar" */;
			compatibilityVersion = "Xcode 3.2";
			developmentRegion = English;
			hasScannedForEncodings = 0;
			knownRegions = (
				en,
				Base,
			);
			mainGroup = D8F1A1A61A8876F300913162;
			productRefGroup = D8F1A1B01A8876F300913162 /* Products */;
			projectDirPath = "";
			projectRoot = "";
			targets = (
				D8F1A1AE1A8876F300913162 /* RaceCar */,
				D8F1A1C31A8876F300913162 /* RaceCarTests */,
			);
		};
/* End PBXProject section */

/* Begin PBXResourcesBuildPhase section */
		D8F1A1AD1A8876F300913162 /* Resources */ = {
			isa = PBXResourcesBuildPhase;
			buildActionMask = 2147483647;
			files = (
				D8F1A1BA1A8876F300913162 /* Main.storyboard in Resources */,
				D8F1A1BF1A8876F300913162 /* LaunchScreen.xib in Resources */,
				D8F1A1BC1A8876F300913162 /* Images.xcassets in Resources */,
			);
			runOnlyForDeploymentPostprocessing = 0;
		};
		D8F1A1C21A8876F300913162 /* Resources */ = {
			isa = PBXResourcesBuildPhase;
			buildActionMask = 2147483647;
			files = (
			);
			runOnlyForDeploymentPostprocessing = 0;
		};
/* End PBXResourcesBuildPhase section */

/* Begin PBXSourcesBuildPhase section */
		D8F1A1AB1A8876F300913162 /* Sources */ = {
			isa = PBXSourcesBuildPhase;
			buildActionMask = 2147483647;
			files = (
				D8F1A1B71A8876F300913162 /* ViewController.swift in Sources */,
				D8F1A1D51A8878C900913162 /* RaceCar.swift in Sources */,
				D8F1A1B51A8876F300913162 /* AppDelegate.swift in Sources */,
			);
			runOnlyForDeploymentPostprocessing = 0;
		};
		D8F1A1C01A8876F300913162 /* Sources */ = {
			isa = PBXSourcesBuildPhase;
			buildActionMask = 2147483647;
			files = (
				D8F1A1CB1A8876F300913162 /* RaceCarTests.swift in Sources */,
			);
			runOnlyForDeploymentPostprocessing = 0;
		};
/* End PBXSourcesBuildPhase section */

/* Begin PBXTargetDependency section */
		D8F1A1C61A8876F300913162 /* PBXTargetDependency */ = {
			isa = PBXTargetDependency;
			target = D8F1A1AE1A8876F300913162 /* RaceCar */;
			targetProxy = D8F1A1C51A8876F300913162 /* PBXContainerItemProxy */;
		};
/* End PBXTargetDependency section */

/* Begin PBXVariantGroup section */
		D8F1A1B81A8876F300913162 /* Main.storyboard */ = {
			isa = PBXVariantGroup;
			children = (
				D8F1A1B91A8876F300913162 /* Base */,
			);
			name = Main.storyboard;
			sourceTree = "<group>";
		};
		D8F1A1BD1A8876F300913162 /* LaunchScreen.xib */ = {
			isa = PBXVariantGroup;
			children = (
				D8F1A1BE1A8876F300913162 /* Base */,
			);
			name = LaunchScreen.xib;
			sourceTree = "<group>";
		};
/* End PBXVariantGroup section */

/* Begin XCBuildConfiguration section */
		D8F1A1CC1A8876F300913162 /* Debug */ = {
			isa = XCBuildConfiguration;
			buildSettings = {
				ALWAYS_SEARCH_USER_PATHS = NO;
				CLANG_CXX_LANGUAGE_STANDARD = "gnu++0x";
				CLANG_CXX_LIBRARY = "libc++";
				CLANG_ENABLE_MODULES = YES;
				CLANG_ENABLE_OBJC_ARC = YES;
				CLANG_WARN_BOOL_CONVERSION = YES;
				CLANG_WARN_CONSTANT_CONVERSION = YES;
				CLANG_WARN_DIRECT_OBJC_ISA_USAGE = YES_ERROR;
				CLANG_WARN_EMPTY_BODY = YES;
				CLANG_WARN_ENUM_CONVERSION = YES;
				CLANG_WARN_INT_CONVERSION = YES;
				CLANG_WARN_OBJC_ROOT_CLASS = YES_ERROR;
				CLANG_WARN_UNREACHABLE_CODE = YES;
				CLANG_WARN__DUPLICATE_METHOD_MATCH = YES;
				"CODE_SIGN_IDENTITY[sdk=iphoneos*]" = "iPhone Developer";
				COPY_PHASE_STRIP = NO;
				ENABLE_STRICT_OBJC_MSGSEND = YES;
				GCC_C_LANGUAGE_STANDARD = gnu99;
				GCC_DYNAMIC_NO_PIC = NO;
				GCC_OPTIMIZATION_LEVEL = 0;
				GCC_PREPROCESSOR_DEFINITIONS = (
					"DEBUG=1",
					"$(inherited)",
				);
				GCC_SYMBOLS_PRIVATE_EXTERN = NO;
				GCC_WARN_64_TO_32_BIT_CONVERSION = YES;
				GCC_WARN_ABOUT_RETURN_TYPE = YES_ERROR;
				GCC_WARN_UNDECLARED_SELECTOR = YES;
				GCC_WARN_UNINITIALIZED_AUTOS = YES_AGGRESSIVE;
				GCC_WARN_UNUSED_FUNCTION = YES;
				GCC_WARN_UNUSED_VARIABLE = YES;
				IPHONEOS_DEPLOYMENT_TARGET = 8.1;
				MTL_ENABLE_DEBUG_INFO = YES;
				ONLY_ACTIVE_ARCH = YES;
				SDKROOT = iphoneos;
				SWIFT_OPTIMIZATION_LEVEL = "-Onone";
			};
			name = Debug;
		};
		D8F1A1CD1A8876F300913162 /* Release */ = {
			isa = XCBuildConfiguration;
			buildSettings = {
				ALWAYS_SEARCH_USER_PATHS = NO;
				CLANG_CXX_LANGUAGE_STANDARD = "gnu++0x";
				CLANG_CXX_LIBRARY = "libc++";
				CLANG_ENABLE_MODULES = YES;
				CLANG_ENABLE_OBJC_ARC = YES;
				CLANG_WARN_BOOL_CONVERSION = YES;
				CLANG_WARN_CONSTANT_CONVERSION = YES;
				CLANG_WARN_DIRECT_OBJC_ISA_USAGE = YES_ERROR;
				CLANG_WARN_EMPTY_BODY = YES;
				CLANG_WARN_ENUM_CONVERSION = YES;
				CLANG_WARN_INT_CONVERSION = YES;
				CLANG_WARN_OBJC_ROOT_CLASS = YES_ERROR;
				CLANG_WARN_UNREACHABLE_CODE = YES;
				CLANG_WARN__DUPLICATE_METHOD_MATCH = YES;
				"CODE_SIGN_IDENTITY[sdk=iphoneos*]" = "iPhone Developer";
				COPY_PHASE_STRIP = YES;
				ENABLE_NS_ASSERTIONS = NO;
				ENABLE_STRICT_OBJC_MSGSEND = YES;
				GCC_C_LANGUAGE_STANDARD = gnu99;
				GCC_WARN_64_TO_32_BIT_CONVERSION = YES;
				GCC_WARN_ABOUT_RETURN_TYPE = YES_ERROR;
				GCC_WARN_UNDECLARED_SELECTOR = YES;
				GCC_WARN_UNINITIALIZED_AUTOS = YES_AGGRESSIVE;
				GCC_WARN_UNUSED_FUNCTION = YES;
				GCC_WARN_UNUSED_VARIABLE = YES;
				IPHONEOS_DEPLOYMENT_TARGET = 8.1;
				MTL_ENABLE_DEBUG_INFO = NO;
				SDKROOT = iphoneos;
				VALIDATE_PRODUCT = YES;
			};
			name = Release;
		};
		D8F1A1CF1A8876F300913162 /* Debug */ = {
			isa = XCBuildConfiguration;
			buildSettings = {
				ASSETCATALOG_COMPILER_APPICON_NAME = AppIcon;
				INFOPLIST_FILE = RaceCar/Info.plist;
				LD_RUNPATH_SEARCH_PATHS = "$(inherited) @executable_path/Frameworks";
				PRODUCT_NAME = "$(TARGET_NAME)";
			};
			name = Debug;
		};
		D8F1A1D01A8876F300913162 /* Release */ = {
			isa = XCBuildConfiguration;
			buildSettings = {
				ASSETCATALOG_COMPILER_APPICON_NAME = AppIcon;
				INFOPLIST_FILE = RaceCar/Info.plist;
				LD_RUNPATH_SEARCH_PATHS = "$(inherited) @executable_path/Frameworks";
				PRODUCT_NAME = "$(TARGET_NAME)";
			};
			name = Release;
		};
		D8F1A1D21A8876F300913162 /* Debug */ = {
			isa = XCBuildConfiguration;
			buildSettings = {
				BUNDLE_LOADER = "$(TEST_HOST)";
				FRAMEWORK_SEARCH_PATHS = (
					"$(SDKROOT)/Developer/Library/Frameworks",
					"$(inherited)",
				);
				GCC_PREPROCESSOR_DEFINITIONS = (
					"DEBUG=1",
					"$(inherited)",
				);
				INFOPLIST_FILE = RaceCarTests/Info.plist;
				LD_RUNPATH_SEARCH_PATHS = "$(inherited) @executable_path/Frameworks @loader_path/Frameworks";
				PRODUCT_NAME = "$(TARGET_NAME)";
				TEST_HOST = "$(BUILT_PRODUCTS_DIR)/RaceCar.app/RaceCar";
			};
			name = Debug;
		};
		D8F1A1D31A8876F300913162 /* Release */ = {
			isa = XCBuildConfiguration;
			buildSettings = {
				BUNDLE_LOADER = "$(TEST_HOST)";
				FRAMEWORK_SEARCH_PATHS = (
					"$(SDKROOT)/Developer/Library/Frameworks",
					"$(inherited)",
				);
				INFOPLIST_FILE = RaceCarTests/Info.plist;
				LD_RUNPATH_SEARCH_PATHS = "$(inherited) @executable_path/Frameworks @loader_path/Frameworks";
				PRODUCT_NAME = "$(TARGET_NAME)";
				TEST_HOST = "$(BUILT_PRODUCTS_DIR)/RaceCar.app/RaceCar";
			};
			name = Release;
		};
/* End XCBuildConfiguration section */

/* Begin XCConfigurationList section */
		D8F1A1AA1A8876F300913162 /* Build configuration list for PBXProject "RaceCar" */ = {
			isa = XCConfigurationList;
			buildConfigurations = (
				D8F1A1CC1A8876F300913162 /* Debug */,
				D8F1A1CD1A8876F300913162 /* Release */,
			);
			defaultConfigurationIsVisible = 0;
			defaultConfigurationName = Release;
		};
		D8F1A1CE1A8876F300913162 /* Build configuration list for PBXNativeTarget "RaceCar" */ = {
			isa = XCConfigurationList;
			buildConfigurations = (
				D8F1A1CF1A8876F300913162 /* Debug */,
				D8F1A1D01A8876F300913162 /* Release */,
			);
			defaultConfigurationIsVisible = 0;
		};
		D8F1A1D11A8876F300913162 /* Build configuration list for PBXNativeTarget "RaceCarTests" */ = {
			isa = XCConfigurationList;
			buildConfigurations = (
				D8F1A1D21A8876F300913162 /* Debug */,
				D8F1A1D31A8876F300913162 /* Release */,
			);
			defaultConfigurationIsVisible = 0;
		};
/* End XCConfigurationList section */
	};
	rootObject = D8F1A1A71A8876F300913162 /* Project object */;
}
